// !$*UTF8*$!
{
	archiveVersion = 1;
	classes = {
	};
	objectVersion = 55;
	objects = {

/* Begin PBXBuildFile section */
		F42E10AD27F6AC0D00700660 /* main.swift in Sources */ = {isa = PBXBuildFile; fileRef = F42E10AC27F6AC0D00700660 /* main.swift */; };
		F4977E4B29DF0A240038B785 /* 23.4.5.swift in Sources */ = {isa = PBXBuildFile; fileRef = F4977E4A29DF0A240038B785 /* 23.4.5.swift */; };
		F4977E4D29DF35DA0038B785 /* 23.4.6.swift in Sources */ = {isa = PBXBuildFile; fileRef = F4977E4C29DF35DA0038B785 /* 23.4.6.swift */; };
		F4BD0B3529E1795400BC4310 /* 23.4.7.swift in Sources */ = {isa = PBXBuildFile; fileRef = F4BD0B3429E1795400BC4310 /* 23.4.7.swift */; };
/* End PBXBuildFile section */

/* Begin PBXCopyFilesBuildPhase section */
		F42E10A727F6AC0D00700660 /* CopyFiles */ = {
			isa = PBXCopyFilesBuildPhase;
			buildActionMask = 2147483647;
			dstPath = /usr/share/man/man1/;
			dstSubfolderSpec = 0;
			files = (
			);
			runOnlyForDeploymentPostprocessing = 1;
		};
/* End PBXCopyFilesBuildPhase section */

/* Begin PBXFileReference section */
		F4093C8328198D28009B5780 /* 22.4.28.swift */ = {isa = PBXFileReference; lastKnownFileType = sourcecode.swift; path = 22.4.28.swift; sourceTree = "<group>"; };
		F4093C852819AF82009B5780 /* Stack.swift */ = {isa = PBXFileReference; lastKnownFileType = sourcecode.swift; path = Stack.swift; sourceTree = "<group>"; };
		F42E10A927F6AC0D00700660 /* Algorithm */ = {isa = PBXFileReference; explicitFileType = "compiled.mach-o.executable"; includeInIndex = 0; path = Algorithm; sourceTree = BUILT_PRODUCTS_DIR; };
		F42E10AC27F6AC0D00700660 /* main.swift */ = {isa = PBXFileReference; lastKnownFileType = sourcecode.swift; path = main.swift; sourceTree = "<group>"; };
		F42E10B627F6AC6600700660 /* 22.4.1.swift */ = {isa = PBXFileReference; lastKnownFileType = sourcecode.swift; path = 22.4.1.swift; sourceTree = "<group>"; };
		F42E10B827F7607100700660 /* 22.4.2.swift */ = {isa = PBXFileReference; lastKnownFileType = sourcecode.swift; path = 22.4.2.swift; sourceTree = "<group>"; };
		F42E10BB27FA0A4D00700660 /* Selection Sort.swift */ = {isa = PBXFileReference; lastKnownFileType = sourcecode.swift; path = "Selection Sort.swift"; sourceTree = "<group>"; };
		F42E10BD27FA8D9B00700660 /* Bubble Sort.swift */ = {isa = PBXFileReference; lastKnownFileType = sourcecode.swift; path = "Bubble Sort.swift"; sourceTree = "<group>"; };
		F42E10BF27FA92FF00700660 /* Insertion Sort.swift */ = {isa = PBXFileReference; lastKnownFileType = sourcecode.swift; path = "Insertion Sort.swift"; sourceTree = "<group>"; };
		F42E10C127FA9DEC00700660 /* Quick Sort.swift */ = {isa = PBXFileReference; lastKnownFileType = sourcecode.swift; path = "Quick Sort.swift"; sourceTree = "<group>"; };
		F42E10C327FAB58000700660 /* Recursion.swift */ = {isa = PBXFileReference; lastKnownFileType = sourcecode.swift; path = Recursion.swift; sourceTree = "<group>"; };
		F42E10C727FEA41F00700660 /* 22.4.7.swift */ = {isa = PBXFileReference; lastKnownFileType = sourcecode.swift; path = 22.4.7.swift; sourceTree = "<group>"; };
		F42E10EE2803CB5400700660 /* 22.4.11.swift */ = {isa = PBXFileReference; lastKnownFileType = sourcecode.swift; path = 22.4.11.swift; sourceTree = "<group>"; };
		F42E10F0280511FA00700660 /* 22.4.12.swift */ = {isa = PBXFileReference; lastKnownFileType = sourcecode.swift; path = 22.4.12.swift; sourceTree = "<group>"; };
		F4469F6D2845D3EB00D55A57 /* 22.5.31.swift */ = {isa = PBXFileReference; lastKnownFileType = sourcecode.swift; path = 22.5.31.swift; sourceTree = "<group>"; };
		F4469F6F28485B2300D55A57 /* 22.6.2.swift */ = {isa = PBXFileReference; lastKnownFileType = sourcecode.swift; path = 22.6.2.swift; sourceTree = "<group>"; };
		F4568BAE2806DC6900AD3684 /* 22.4.13.swift */ = {isa = PBXFileReference; lastKnownFileType = sourcecode.swift; path = 22.4.13.swift; sourceTree = "<group>"; };
		F4568BB02807E21A00AD3684 /* 22.4.14.swift */ = {isa = PBXFileReference; lastKnownFileType = sourcecode.swift; path = 22.4.14.swift; sourceTree = "<group>"; };
		F4568BB4280A727200AD3684 /* 22.4.16.swift */ = {isa = PBXFileReference; lastKnownFileType = sourcecode.swift; path = 22.4.16.swift; sourceTree = "<group>"; };
		F4568BB6280BC46B00AD3684 /* 22.4.17.swift */ = {isa = PBXFileReference; lastKnownFileType = sourcecode.swift; path = 22.4.17.swift; sourceTree = "<group>"; };
		F4607BFA281512A700BC2120 /* 22.4.24.swift */ = {isa = PBXFileReference; lastKnownFileType = sourcecode.swift; path = 22.4.24.swift; sourceTree = "<group>"; };
		F4607BFC2816420B00BC2120 /* 22.4.25.swift */ = {isa = PBXFileReference; lastKnownFileType = sourcecode.swift; path = 22.4.25.swift; sourceTree = "<group>"; };
		F4607BFE281642B300BC2120 /* Merge Sort.swift */ = {isa = PBXFileReference; lastKnownFileType = sourcecode.swift; path = "Merge Sort.swift"; sourceTree = "<group>"; };
		F46802E4283F246200C96EFC /* 22.5.26.swift */ = {isa = PBXFileReference; lastKnownFileType = sourcecode.swift; path = 22.5.26.swift; sourceTree = "<group>"; };
		F4977E4529DADD610038B785 /* 23.4.3.swift */ = {isa = PBXFileReference; lastKnownFileType = sourcecode.swift; path = 23.4.3.swift; sourceTree = "<group>"; wrapsLines = 1; };
		F4977E4829DBAEFB0038B785 /* 23.4.4.swift */ = {isa = PBXFileReference; lastKnownFileType = sourcecode.swift; path = 23.4.4.swift; sourceTree = "<group>"; };
		F4977E4A29DF0A240038B785 /* 23.4.5.swift */ = {isa = PBXFileReference; lastKnownFileType = sourcecode.swift; path = 23.4.5.swift; sourceTree = "<group>"; };
		F4977E4C29DF35DA0038B785 /* 23.4.6.swift */ = {isa = PBXFileReference; lastKnownFileType = sourcecode.swift; path = 23.4.6.swift; sourceTree = "<group>"; };
		F4A09C4428217807007E3434 /* 22.5.3.swift */ = {isa = PBXFileReference; lastKnownFileType = sourcecode.swift; path = 22.5.3.swift; sourceTree = "<group>"; };
		F4A09C4628217F00007E3434 /* Queue.swift */ = {isa = PBXFileReference; lastKnownFileType = sourcecode.swift; path = Queue.swift; sourceTree = "<group>"; };
		F4A09C4828219612007E3434 /* 22.5.4.swift */ = {isa = PBXFileReference; lastKnownFileType = sourcecode.swift; path = 22.5.4.swift; sourceTree = "<group>"; };
		F4A09C4E28226890007E3434 /* Deque.swift */ = {isa = PBXFileReference; lastKnownFileType = sourcecode.swift; path = Deque.swift; sourceTree = "<group>"; };
		F4BD0B3429E1795400BC4310 /* 23.4.7.swift */ = {isa = PBXFileReference; lastKnownFileType = sourcecode.swift; path = 23.4.7.swift; sourceTree = "<group>"; };
		F4C6FB27283B2C7A003BC122 /* 22.5.22.swift */ = {isa = PBXFileReference; lastKnownFileType = sourcecode.swift; path = 22.5.22.swift; sourceTree = "<group>"; };
		F4DF3AB828168CE6002F5D2A /* Heap Sort.swift */ = {isa = PBXFileReference; lastKnownFileType = sourcecode.swift; path = "Heap Sort.swift"; sourceTree = "<group>"; };
		F4E490A2280D9CE90044AC24 /* 22.4.18.swift */ = {isa = PBXFileReference; lastKnownFileType = sourcecode.swift; path = 22.4.18.swift; sourceTree = "<group>"; };
		F4E490A4280DAB480044AC24 /* Counting Sort.swift */ = {isa = PBXFileReference; lastKnownFileType = sourcecode.swift; path = "Counting Sort.swift"; sourceTree = "<group>"; };
		F4E490A6280DADF90044AC24 /* FileIO.swift */ = {isa = PBXFileReference; lastKnownFileType = sourcecode.swift; path = FileIO.swift; sourceTree = "<group>"; };
		F4E490A8280E81360044AC24 /* 22.4.19.swift */ = {isa = PBXFileReference; lastKnownFileType = sourcecode.swift; path = 22.4.19.swift; sourceTree = "<group>"; };
		F4E490AC280FDB260044AC24 /* 22.4.20.swift */ = {isa = PBXFileReference; lastKnownFileType = sourcecode.swift; path = 22.4.20.swift; sourceTree = "<group>"; };
		F4E490AE2810F3A00044AC24 /* 22.4.21.swift */ = {isa = PBXFileReference; lastKnownFileType = sourcecode.swift; path = 22.4.21.swift; sourceTree = "<group>"; };
		F4F9296F283C8BB90064A6CD /* 22.5.24.swift */ = {isa = PBXFileReference; lastKnownFileType = sourcecode.swift; path = 22.5.24.swift; sourceTree = "<group>"; };
		F4F92986283DF1B80064A6CD /* 22.5.25.swift */ = {isa = PBXFileReference; lastKnownFileType = sourcecode.swift; path = 22.5.25.swift; sourceTree = "<group>"; };
		F4FE6235284F2486000645B9 /* 22.6.7.swift */ = {isa = PBXFileReference; lastKnownFileType = sourcecode.swift; path = 22.6.7.swift; sourceTree = "<group>"; };
/* End PBXFileReference section */

/* Begin PBXFrameworksBuildPhase section */
		F42E10A627F6AC0D00700660 /* Frameworks */ = {
			isa = PBXFrameworksBuildPhase;
			buildActionMask = 2147483647;
			files = (
			);
			runOnlyForDeploymentPostprocessing = 0;
		};
/* End PBXFrameworksBuildPhase section */

/* Begin PBXGroup section */
		F42E10A027F6AC0D00700660 = {
			isa = PBXGroup;
			children = (
				F42E10AB27F6AC0D00700660 /* Algorithm */,
				F42E10AA27F6AC0D00700660 /* Products */,
			);
			sourceTree = "<group>";
		};
		F42E10AA27F6AC0D00700660 /* Products */ = {
			isa = PBXGroup;
			children = (
				F42E10A927F6AC0D00700660 /* Algorithm */,
			);
			name = Products;
			sourceTree = "<group>";
		};
		F42E10AB27F6AC0D00700660 /* Algorithm */ = {
			isa = PBXGroup;
			children = (
				F42E10B527F6AC4300700660 /* Leet */,
				F42E10B427F6AC3900700660 /* BOJ */,
				F42E10B327F6AC2F00700660 /* Programmers */,
				F42E10BA27FA0A0F00700660 /* Dongbin */,
			);
			path = Algorithm;
			sourceTree = "<group>";
		};
		F42E10B327F6AC2F00700660 /* Programmers */ = {
			isa = PBXGroup;
			children = (
			);
			path = Programmers;
			sourceTree = "<group>";
		};
		F42E10B427F6AC3900700660 /* BOJ */ = {
			isa = PBXGroup;
			children = (
				F42E10AC27F6AC0D00700660 /* main.swift */,
				F42E10B627F6AC6600700660 /* 22.4.1.swift */,
				F42E10B827F7607100700660 /* 22.4.2.swift */,
				F42E10C727FEA41F00700660 /* 22.4.7.swift */,
				F42E10EE2803CB5400700660 /* 22.4.11.swift */,
				F42E10F0280511FA00700660 /* 22.4.12.swift */,
				F4568BAE2806DC6900AD3684 /* 22.4.13.swift */,
				F4568BB02807E21A00AD3684 /* 22.4.14.swift */,
				F4568BB4280A727200AD3684 /* 22.4.16.swift */,
				F4568BB6280BC46B00AD3684 /* 22.4.17.swift */,
				F4E490A2280D9CE90044AC24 /* 22.4.18.swift */,
				F4E490A8280E81360044AC24 /* 22.4.19.swift */,
				F4E490AC280FDB260044AC24 /* 22.4.20.swift */,
				F4E490AE2810F3A00044AC24 /* 22.4.21.swift */,
				F4607BFA281512A700BC2120 /* 22.4.24.swift */,
				F4607BFC2816420B00BC2120 /* 22.4.25.swift */,
				F4093C8328198D28009B5780 /* 22.4.28.swift */,
				F4A09C4428217807007E3434 /* 22.5.3.swift */,
				F4A09C4828219612007E3434 /* 22.5.4.swift */,
				F4C6FB27283B2C7A003BC122 /* 22.5.22.swift */,
				F4F9296F283C8BB90064A6CD /* 22.5.24.swift */,
				F4F92986283DF1B80064A6CD /* 22.5.25.swift */,
				F46802E4283F246200C96EFC /* 22.5.26.swift */,
				F4469F6D2845D3EB00D55A57 /* 22.5.31.swift */,
				F4469F6F28485B2300D55A57 /* 22.6.2.swift */,
				F4FE6235284F2486000645B9 /* 22.6.7.swift */,
				F4977E4529DADD610038B785 /* 23.4.3.swift */,
				F4977E4829DBAEFB0038B785 /* 23.4.4.swift */,
				F4977E4A29DF0A240038B785 /* 23.4.5.swift */,
				F4977E4C29DF35DA0038B785 /* 23.4.6.swift */,
				F4BD0B3429E1795400BC4310 /* 23.4.7.swift */,
				F4E490A6280DADF90044AC24 /* FileIO.swift */,
			);
			path = BOJ;
			sourceTree = "<group>";
		};
		F42E10B527F6AC4300700660 /* Leet */ = {
			isa = PBXGroup;
			children = (
			);
			path = Leet;
			sourceTree = "<group>";
		};
		F42E10BA27FA0A0F00700660 /* Dongbin */ = {
			isa = PBXGroup;
			children = (
				F42E10BB27FA0A4D00700660 /* Selection Sort.swift */,
				F42E10BD27FA8D9B00700660 /* Bubble Sort.swift */,
				F42E10BF27FA92FF00700660 /* Insertion Sort.swift */,
				F42E10C127FA9DEC00700660 /* Quick Sort.swift */,
				F4607BFE281642B300BC2120 /* Merge Sort.swift */,
				F4DF3AB828168CE6002F5D2A /* Heap Sort.swift */,
				F4E490A4280DAB480044AC24 /* Counting Sort.swift */,
				F4093C852819AF82009B5780 /* Stack.swift */,
				F4A09C4628217F00007E3434 /* Queue.swift */,
				F4A09C4E28226890007E3434 /* Deque.swift */,
				F42E10C327FAB58000700660 /* Recursion.swift */,
			);
			path = Dongbin;
			sourceTree = "<group>";
		};
/* End PBXGroup section */

/* Begin PBXNativeTarget section */
		F42E10A827F6AC0D00700660 /* Algorithm */ = {
			isa = PBXNativeTarget;
			buildConfigurationList = F42E10B027F6AC0D00700660 /* Build configuration list for PBXNativeTarget "Algorithm" */;
			buildPhases = (
				F42E10A527F6AC0D00700660 /* Sources */,
				F42E10A627F6AC0D00700660 /* Frameworks */,
				F42E10A727F6AC0D00700660 /* CopyFiles */,
			);
			buildRules = (
			);
			dependencies = (
			);
			name = Algorithm;
			productName = Algorithm;
			productReference = F42E10A927F6AC0D00700660 /* Algorithm */;
			productType = "com.apple.product-type.tool";
		};
/* End PBXNativeTarget section */

/* Begin PBXProject section */
		F42E10A127F6AC0D00700660 /* Project object */ = {
			isa = PBXProject;
			attributes = {
				BuildIndependentTargetsInParallel = 1;
				LastSwiftUpdateCheck = 1320;
				LastUpgradeCheck = 1420;
				TargetAttributes = {
					F42E10A827F6AC0D00700660 = {
						CreatedOnToolsVersion = 13.2.1;
					};
				};
			};
			buildConfigurationList = F42E10A427F6AC0D00700660 /* Build configuration list for PBXProject "Algorithm" */;
			compatibilityVersion = "Xcode 13.0";
			developmentRegion = en;
			hasScannedForEncodings = 0;
			knownRegions = (
				en,
				Base,
			);
			mainGroup = F42E10A027F6AC0D00700660;
			productRefGroup = F42E10AA27F6AC0D00700660 /* Products */;
			projectDirPath = "";
			projectRoot = "";
			targets = (
				F42E10A827F6AC0D00700660 /* Algorithm */,
			);
		};
/* End PBXProject section */

/* Begin PBXSourcesBuildPhase section */
		F42E10A527F6AC0D00700660 /* Sources */ = {
			isa = PBXSourcesBuildPhase;
			buildActionMask = 2147483647;
			files = (
				F42E10AD27F6AC0D00700660 /* main.swift in Sources */,
				F4977E4D29DF35DA0038B785 /* 23.4.6.swift in Sources */,
				F4977E4B29DF0A240038B785 /* 23.4.5.swift in Sources */,
				F4BD0B3529E1795400BC4310 /* 23.4.7.swift in Sources */,
			);
			runOnlyForDeploymentPostprocessing = 0;
		};
/* End PBXSourcesBuildPhase section */

/* Begin XCBuildConfiguration section */
		F42E10AE27F6AC0D00700660 /* Debug */ = {
			isa = XCBuildConfiguration;
			buildSettings = {
				ALWAYS_SEARCH_USER_PATHS = NO;
				CLANG_ANALYZER_NONNULL = YES;
				CLANG_ANALYZER_NUMBER_OBJECT_CONVERSION = YES_AGGRESSIVE;
				CLANG_CXX_LANGUAGE_STANDARD = "gnu++17";
				CLANG_CXX_LIBRARY = "libc++";
				CLANG_ENABLE_MODULES = YES;
				CLANG_ENABLE_OBJC_ARC = YES;
				CLANG_ENABLE_OBJC_WEAK = YES;
				CLANG_WARN_BLOCK_CAPTURE_AUTORELEASING = YES;
				CLANG_WARN_BOOL_CONVERSION = YES;
				CLANG_WARN_COMMA = YES;
				CLANG_WARN_CONSTANT_CONVERSION = YES;
				CLANG_WARN_DEPRECATED_OBJC_IMPLEMENTATIONS = YES;
				CLANG_WARN_DIRECT_OBJC_ISA_USAGE = YES_ERROR;
				CLANG_WARN_DOCUMENTATION_COMMENTS = YES;
				CLANG_WARN_EMPTY_BODY = YES;
				CLANG_WARN_ENUM_CONVERSION = YES;
				CLANG_WARN_INFINITE_RECURSION = YES;
				CLANG_WARN_INT_CONVERSION = YES;
				CLANG_WARN_NON_LITERAL_NULL_CONVERSION = YES;
				CLANG_WARN_OBJC_IMPLICIT_RETAIN_SELF = YES;
				CLANG_WARN_OBJC_LITERAL_CONVERSION = YES;
				CLANG_WARN_OBJC_ROOT_CLASS = YES_ERROR;
				CLANG_WARN_QUOTED_INCLUDE_IN_FRAMEWORK_HEADER = YES;
				CLANG_WARN_RANGE_LOOP_ANALYSIS = YES;
				CLANG_WARN_STRICT_PROTOTYPES = YES;
				CLANG_WARN_SUSPICIOUS_MOVE = YES;
				CLANG_WARN_UNGUARDED_AVAILABILITY = YES_AGGRESSIVE;
				CLANG_WARN_UNREACHABLE_CODE = YES;
				CLANG_WARN__DUPLICATE_METHOD_MATCH = YES;
				COPY_PHASE_STRIP = NO;
				DEAD_CODE_STRIPPING = YES;
				DEBUG_INFORMATION_FORMAT = dwarf;
				ENABLE_STRICT_OBJC_MSGSEND = YES;
				ENABLE_TESTABILITY = YES;
				GCC_C_LANGUAGE_STANDARD = gnu11;
				GCC_DYNAMIC_NO_PIC = NO;
				GCC_NO_COMMON_BLOCKS = YES;
				GCC_OPTIMIZATION_LEVEL = 0;
				GCC_PREPROCESSOR_DEFINITIONS = (
					"DEBUG=1",
					"$(inherited)",
				);
				GCC_WARN_64_TO_32_BIT_CONVERSION = YES;
				GCC_WARN_ABOUT_RETURN_TYPE = YES_ERROR;
				GCC_WARN_UNDECLARED_SELECTOR = YES;
				GCC_WARN_UNINITIALIZED_AUTOS = YES_AGGRESSIVE;
				GCC_WARN_UNUSED_FUNCTION = YES;
				GCC_WARN_UNUSED_VARIABLE = YES;
				MACOSX_DEPLOYMENT_TARGET = 13.1;
				MTL_ENABLE_DEBUG_INFO = INCLUDE_SOURCE;
				MTL_FAST_MATH = YES;
				ONLY_ACTIVE_ARCH = YES;
				SDKROOT = macosx;
				SWIFT_ACTIVE_COMPILATION_CONDITIONS = DEBUG;
				SWIFT_OPTIMIZATION_LEVEL = "-Onone";
			};
			name = Debug;
		};
		F42E10AF27F6AC0D00700660 /* Release */ = {
			isa = XCBuildConfiguration;
			buildSettings = {
				ALWAYS_SEARCH_USER_PATHS = NO;
				CLANG_ANALYZER_NONNULL = YES;
				CLANG_ANALYZER_NUMBER_OBJECT_CONVERSION = YES_AGGRESSIVE;
				CLANG_CXX_LANGUAGE_STANDARD = "gnu++17";
				CLANG_CXX_LIBRARY = "libc++";
				CLANG_ENABLE_MODULES = YES;
				CLANG_ENABLE_OBJC_ARC = YES;
				CLANG_ENABLE_OBJC_WEAK = YES;
				CLANG_WARN_BLOCK_CAPTURE_AUTORELEASING = YES;
				CLANG_WARN_BOOL_CONVERSION = YES;
				CLANG_WARN_COMMA = YES;
				CLANG_WARN_CONSTANT_CONVERSION = YES;
				CLANG_WARN_DEPRECATED_OBJC_IMPLEMENTATIONS = YES;
				CLANG_WARN_DIRECT_OBJC_ISA_USAGE = YES_ERROR;
				CLANG_WARN_DOCUMENTATION_COMMENTS = YES;
				CLANG_WARN_EMPTY_BODY = YES;
				CLANG_WARN_ENUM_CONVERSION = YES;
				CLANG_WARN_INFINITE_RECURSION = YES;
				CLANG_WARN_INT_CONVERSION = YES;
				CLANG_WARN_NON_LITERAL_NULL_CONVERSION = YES;
				CLANG_WARN_OBJC_IMPLICIT_RETAIN_SELF = YES;
				CLANG_WARN_OBJC_LITERAL_CONVERSION = YES;
				CLANG_WARN_OBJC_ROOT_CLASS = YES_ERROR;
				CLANG_WARN_QUOTED_INCLUDE_IN_FRAMEWORK_HEADER = YES;
				CLANG_WARN_RANGE_LOOP_ANALYSIS = YES;
				CLANG_WARN_STRICT_PROTOTYPES = YES;
				CLANG_WARN_SUSPICIOUS_MOVE = YES;
				CLANG_WARN_UNGUARDED_AVAILABILITY = YES_AGGRESSIVE;
				CLANG_WARN_UNREACHABLE_CODE = YES;
				CLANG_WARN__DUPLICATE_METHOD_MATCH = YES;
				COPY_PHASE_STRIP = NO;
				DEAD_CODE_STRIPPING = YES;
				DEBUG_INFORMATION_FORMAT = "dwarf-with-dsym";
				ENABLE_NS_ASSERTIONS = NO;
				ENABLE_STRICT_OBJC_MSGSEND = YES;
				GCC_C_LANGUAGE_STANDARD = gnu11;
				GCC_NO_COMMON_BLOCKS = YES;
				GCC_WARN_64_TO_32_BIT_CONVERSION = YES;
				GCC_WARN_ABOUT_RETURN_TYPE = YES_ERROR;
				GCC_WARN_UNDECLARED_SELECTOR = YES;
				GCC_WARN_UNINITIALIZED_AUTOS = YES_AGGRESSIVE;
				GCC_WARN_UNUSED_FUNCTION = YES;
				GCC_WARN_UNUSED_VARIABLE = YES;
				MACOSX_DEPLOYMENT_TARGET = 13.1;
				MTL_ENABLE_DEBUG_INFO = NO;
				MTL_FAST_MATH = YES;
				SDKROOT = macosx;
				SWIFT_COMPILATION_MODE = wholemodule;
				SWIFT_OPTIMIZATION_LEVEL = "-O";
			};
			name = Release;
		};
		F42E10B127F6AC0D00700660 /* Debug */ = {
			isa = XCBuildConfiguration;
			buildSettings = {
				CODE_SIGN_IDENTITY = "-";
				CODE_SIGN_STYLE = Automatic;
				DEAD_CODE_STRIPPING = YES;
				DEVELOPMENT_TEAM = AT2N75TMZD;
				ENABLE_HARDENED_RUNTIME = YES;
				PRODUCT_NAME = "$(TARGET_NAME)";
				SWIFT_VERSION = 5.0;
			};
			name = Debug;
		};
		F42E10B227F6AC0D00700660 /* Release */ = {
			isa = XCBuildConfiguration;
			buildSettings = {
				CODE_SIGN_IDENTITY = "-";
				CODE_SIGN_STYLE = Automatic;
				DEAD_CODE_STRIPPING = YES;
				DEVELOPMENT_TEAM = AT2N75TMZD;
				ENABLE_HARDENED_RUNTIME = YES;
				PRODUCT_NAME = "$(TARGET_NAME)";
				SWIFT_VERSION = 5.0;
			};
			name = Release;
		};
/* End XCBuildConfiguration section */

/* Begin XCConfigurationList section */
		F42E10A427F6AC0D00700660 /* Build configuration list for PBXProject "Algorithm" */ = {
			isa = XCConfigurationList;
			buildConfigurations = (
				F42E10AE27F6AC0D00700660 /* Debug */,
				F42E10AF27F6AC0D00700660 /* Release */,
			);
			defaultConfigurationIsVisible = 0;
			defaultConfigurationName = Release;
		};
		F42E10B027F6AC0D00700660 /* Build configuration list for PBXNativeTarget "Algorithm" */ = {
			isa = XCConfigurationList;
			buildConfigurations = (
				F42E10B127F6AC0D00700660 /* Debug */,
				F42E10B227F6AC0D00700660 /* Release */,
			);
			defaultConfigurationIsVisible = 0;
			defaultConfigurationName = Release;
		};
/* End XCConfigurationList section */
	};
	rootObject = F42E10A127F6AC0D00700660 /* Project object */;
}
